PODS:
  - emojidataios (0.6.0)
  - SwiftyJSON (5.0.1)

DEPENDENCIES:
  - emojidataios
  - SwiftyJSON

SPEC REPOS:
  trunk:
    - emojidataios
    - SwiftyJSON

SPEC CHECKSUMS:
  emojidataios: efa99e6c6c588c2fa82f8d86421c4c7c29d384e8
  SwiftyJSON: 2f33a42c6fbc52764d96f13368585094bfd8aa5e

PODFILE CHECKSUM: d499bbbce67471c8d979ea4c6ae7c6cf37bd4ab7

COCOAPODS: 1.10.1
